
Microsoft Visual Studio Solution File, Format Version 12.00
# Visual Studio Version 17
VisualStudioVersion = 17.1.31911.260
MinimumVisualStudioVersion = 10.0.40219.1
Project("{FAE04EC0-301F-11D3-BF4B-00C04F79EFBC}") = "QLicense", "Core\QLicense\QLicense.csproj", "{1980E43F-C5E4-4A2B-95A6-1AEBDC7EE2B7}"
EndProject
Project("{FAE04EC0-301F-11D3-BF4B-00C04F79EFBC}") = "ActivationControls4Win", "Core\ActivationControls4Win\ActivationControls4Win.csproj", "{DDF06EAC-02DF-4BDA-A883-98B856BC1765}"
EndProject
Project("{FAE04EC0-301F-11D3-BF4B-00C04F79EFBC}") = "DemoWinFormApp", "Demo\DemoWinFormApp\DemoWinFormApp.csproj", "{01F6D760-D0D5-45CB-B730-AFBAF298C7D1}"
EndProject
Project("{FAE04EC0-301F-11D3-BF4B-00C04F79EFBC}") = "DemoActivationTool", "Demo\DemoActivationTool\DemoActivationTool.csproj", "{7E6FF8AE-63E9-4BB2-9ACE-7580CE229F65}"
EndProject
Project("{2150E333-8FDC-42A3-9474-1A3956D46DE8}") = "Core", "Core", "{036B2D67-D093-4477-ABC6-4902676A79B2}"
EndProject
Project("{2150E333-8FDC-42A3-9474-1A3956D46DE8}") = "Demo", "Demo", "{9461EE4C-58DE-49DC-B363-46C0705BEF74}"
EndProject
Project("{FAE04EC0-301F-11D3-BF4B-00C04F79EFBC}") = "DemoLicense", "Demo\DemoLicense\DemoLicense.csproj", "{9F0BD6DF-F288-451B-828E-6431E5441DB8}"
EndProject
Project("{FAE04EC0-301F-11D3-BF4B-00C04F79EFBC}") = "ActivationControls4Wpf", "Core\ActivationControls4Wpf\ActivationControls4Wpf.csproj", "{8650B5B4-754B-4B77-A26F-08466854BE3A}"
EndProject
Project("{9A19103F-16F7-4668-BE54-9A1E7A4F7556}") = "Fusion1.License.Validation", "Fusion1.Resource.Allocation\Fusion1.License.Validation.csproj", "{95F41FBC-0545-4684-8E7B-ACB6EF4C771E}"
EndProject
Project("{9A19103F-16F7-4668-BE54-9A1E7A4F7556}") = "DemoConsoleApp", "Demo\DemoConsoleApp\DemoConsoleApp.csproj", "{83808718-DCDE-4081-9E3B-986532EE59AE}"
EndProject
Project("{FAE04EC0-301F-11D3-BF4B-00C04F79EFBC}") = "DemoConsoleApp47", "Demo\DemoConsoleApp47\DemoConsoleApp47.csproj", "{9C58268F-AA27-40EA-9A40-EF89D7DF88BF}"
EndProject
Project("{9A19103F-16F7-4668-BE54-9A1E7A4F7556}") = "Fusion1.License.Generator", "Fusion1.License.Generator\Fusion1.License.Generator.csproj", "{5EB0BCB6-3DDD-4285-B910-7554B05CA4ED}"
EndProject
Project("{9A19103F-16F7-4668-BE54-9A1E7A4F7556}") = "Fusion1.License.Entity", "Fusion1.License.Entity\Fusion1.License.Entity.csproj", "{63851A28-457A-48C5-BF3D-21AD4AE046A6}"
EndProject
Project("{9A19103F-16F7-4668-BE54-9A1E7A4F7556}") = "Fusion1.Hardware.Identification", "Fusion1.Hardware.Identification\Fusion1.Hardware.Identification.csproj", "{A5624EE1-2178-4302-BE28-7E3351A1C3D0}"
EndProject
Project("{9A19103F-16F7-4668-BE54-9A1E7A4F7556}") = "Fusion1.License", "Fusion1.License\Fusion1.License.csproj", "{8F981F84-FD53-4F63-B5A5-E4D6EEE9CC23}"
EndProject
Project("{2150E333-8FDC-42A3-9474-1A3956D46DE8}") = "Tests", "Tests", "{A13D633C-C921-414E-9D68-EAE2BE85F3A1}"
EndProject
Project("{9A19103F-16F7-4668-BE54-9A1E7A4F7556}") = "Fusion1.License.ValidationTests", "Fusion1.License.ValidationTests\Fusion1.License.ValidationTests.csproj", "{31AFBF19-AEB7-4B28-A6D0-06627C785D9F}"
EndProject
Project("{9A19103F-16F7-4668-BE54-9A1E7A4F7556}") = "TestValidation", "TestValidation\TestValidation.csproj", "{A1990015-10AC-4C7C-B793-D5C80EED3C3E}"
EndProject
Project("{9A19103F-16F7-4668-BE54-9A1E7A4F7556}") = "DemoLicenseApp", "Fusion1DemoLicenseApp\DemoLicenseApp.csproj", "{3AA02B9E-3034-4523-BB6A-F75DF9FB8146}"
EndProject
Project("{8BC9CEB8-8B4A-11D0-8D11-00A0C91BC942}") = "resman2", "Fusion1.Resman2\Fusion1.Resman2.vcxproj", "{37078252-9B4E-4CC4-8980-062A00253E8E}"
EndProject
Project("{9A19103F-16F7-4668-BE54-9A1E7A4F7556}") = "TESTCDLL", "TESTCDLL\TESTCDLL.csproj", "{CCD6787B-CBEA-4307-B46F-F332B39A626E}"
EndProject
Project("{8BC9CEB8-8B4A-11D0-8D11-00A0C91BC942}") = "Dll1", "Dll1\Dll1.vcxproj", "{011FDD4B-AB92-4966-AF53-28CF19923D79}"
EndProject
Project("{C7167F0D-BC9F-4E6E-AFE1-012C56B48DB5}") = "Fusion1.LicenseTestPackage", "Fusion1.LicenseTest\Fusion1.LicenseTestPackage.wapproj", "{0FE5E491-3896-4152-BCA3-9F665151CB6F}"
EndProject
Project("{54435603-DBB4-11D2-8724-00A0C9A8B90C}") = "Fusion-1 Demo Licensing App", "Setup1\Setup1.vdproj", "{6B698106-B858-4D7F-A852-090BA7489A93}"
EndProject
Project("{9A19103F-16F7-4668-BE54-9A1E7A4F7556}") = "Fusion1.Resman", "Fusion1.Resman\Fusion1.Resman.csproj", "{A1D3AC38-C24E-41A8-BF79-A3ADA0D5365A}"
EndProject
Global
	GlobalSection(SolutionConfigurationPlatforms) = preSolution
		Debug|Any CPU = Debug|Any CPU
		Debug|ARM = Debug|ARM
		Debug|ARM64 = Debug|ARM64
		Debug|x64 = Debug|x64
		Debug|x86 = Debug|x86
		Release|Any CPU = Release|Any CPU
		Release|ARM = Release|ARM
		Release|ARM64 = Release|ARM64
		Release|x64 = Release|x64
		Release|x86 = Release|x86
	EndGlobalSection
	GlobalSection(ProjectConfigurationPlatforms) = postSolution
		{1980E43F-C5E4-4A2B-95A6-1AEBDC7EE2B7}.Debug|Any CPU.ActiveCfg = Debug|Any CPU
		{1980E43F-C5E4-4A2B-95A6-1AEBDC7EE2B7}.Debug|Any CPU.Build.0 = Debug|Any CPU
		{1980E43F-C5E4-4A2B-95A6-1AEBDC7EE2B7}.Debug|ARM.ActiveCfg = Debug|Any CPU
		{1980E43F-C5E4-4A2B-95A6-1AEBDC7EE2B7}.Debug|ARM.Build.0 = Debug|Any CPU
		{1980E43F-C5E4-4A2B-95A6-1AEBDC7EE2B7}.Debug|ARM64.ActiveCfg = Debug|Any CPU
		{1980E43F-C5E4-4A2B-95A6-1AEBDC7EE2B7}.Debug|ARM64.Build.0 = Debug|Any CPU
		{1980E43F-C5E4-4A2B-95A6-1AEBDC7EE2B7}.Debug|x64.ActiveCfg = Debug|Any CPU
		{1980E43F-C5E4-4A2B-95A6-1AEBDC7EE2B7}.Debug|x64.Build.0 = Debug|Any CPU
		{1980E43F-C5E4-4A2B-95A6-1AEBDC7EE2B7}.Debug|x86.ActiveCfg = Debug|Any CPU
		{1980E43F-C5E4-4A2B-95A6-1AEBDC7EE2B7}.Debug|x86.Build.0 = Debug|Any CPU
		{1980E43F-C5E4-4A2B-95A6-1AEBDC7EE2B7}.Release|Any CPU.ActiveCfg = Release|Any CPU
		{1980E43F-C5E4-4A2B-95A6-1AEBDC7EE2B7}.Release|Any CPU.Build.0 = Release|Any CPU
		{1980E43F-C5E4-4A2B-95A6-1AEBDC7EE2B7}.Release|ARM.ActiveCfg = Release|Any CPU
		{1980E43F-C5E4-4A2B-95A6-1AEBDC7EE2B7}.Release|ARM.Build.0 = Release|Any CPU
		{1980E43F-C5E4-4A2B-95A6-1AEBDC7EE2B7}.Release|ARM64.ActiveCfg = Release|Any CPU
		{1980E43F-C5E4-4A2B-95A6-1AEBDC7EE2B7}.Release|ARM64.Build.0 = Release|Any CPU
		{1980E43F-C5E4-4A2B-95A6-1AEBDC7EE2B7}.Release|x64.ActiveCfg = Release|Any CPU
		{1980E43F-C5E4-4A2B-95A6-1AEBDC7EE2B7}.Release|x64.Build.0 = Release|Any CPU
		{1980E43F-C5E4-4A2B-95A6-1AEBDC7EE2B7}.Release|x86.ActiveCfg = Release|Any CPU
		{1980E43F-C5E4-4A2B-95A6-1AEBDC7EE2B7}.Release|x86.Build.0 = Release|Any CPU
		{DDF06EAC-02DF-4BDA-A883-98B856BC1765}.Debug|Any CPU.ActiveCfg = Debug|Any CPU
		{DDF06EAC-02DF-4BDA-A883-98B856BC1765}.Debug|Any CPU.Build.0 = Debug|Any CPU
		{DDF06EAC-02DF-4BDA-A883-98B856BC1765}.Debug|ARM.ActiveCfg = Debug|Any CPU
		{DDF06EAC-02DF-4BDA-A883-98B856BC1765}.Debug|ARM.Build.0 = Debug|Any CPU
		{DDF06EAC-02DF-4BDA-A883-98B856BC1765}.Debug|ARM64.ActiveCfg = Debug|Any CPU
		{DDF06EAC-02DF-4BDA-A883-98B856BC1765}.Debug|ARM64.Build.0 = Debug|Any CPU
		{DDF06EAC-02DF-4BDA-A883-98B856BC1765}.Debug|x64.ActiveCfg = Debug|Any CPU
		{DDF06EAC-02DF-4BDA-A883-98B856BC1765}.Debug|x64.Build.0 = Debug|Any CPU
		{DDF06EAC-02DF-4BDA-A883-98B856BC1765}.Debug|x86.ActiveCfg = Debug|Any CPU
		{DDF06EAC-02DF-4BDA-A883-98B856BC1765}.Debug|x86.Build.0 = Debug|Any CPU
		{DDF06EAC-02DF-4BDA-A883-98B856BC1765}.Release|Any CPU.ActiveCfg = Release|Any CPU
		{DDF06EAC-02DF-4BDA-A883-98B856BC1765}.Release|Any CPU.Build.0 = Release|Any CPU
		{DDF06EAC-02DF-4BDA-A883-98B856BC1765}.Release|ARM.ActiveCfg = Release|Any CPU
		{DDF06EAC-02DF-4BDA-A883-98B856BC1765}.Release|ARM.Build.0 = Release|Any CPU
		{DDF06EAC-02DF-4BDA-A883-98B856BC1765}.Release|ARM64.ActiveCfg = Release|Any CPU
		{DDF06EAC-02DF-4BDA-A883-98B856BC1765}.Release|ARM64.Build.0 = Release|Any CPU
		{DDF06EAC-02DF-4BDA-A883-98B856BC1765}.Release|x64.ActiveCfg = Release|Any CPU
		{DDF06EAC-02DF-4BDA-A883-98B856BC1765}.Release|x64.Build.0 = Release|Any CPU
		{DDF06EAC-02DF-4BDA-A883-98B856BC1765}.Release|x86.ActiveCfg = Release|Any CPU
		{DDF06EAC-02DF-4BDA-A883-98B856BC1765}.Release|x86.Build.0 = Release|Any CPU
		{01F6D760-D0D5-45CB-B730-AFBAF298C7D1}.Debug|Any CPU.ActiveCfg = Debug|Any CPU
		{01F6D760-D0D5-45CB-B730-AFBAF298C7D1}.Debug|Any CPU.Build.0 = Debug|Any CPU
		{01F6D760-D0D5-45CB-B730-AFBAF298C7D1}.Debug|ARM.ActiveCfg = Debug|Any CPU
		{01F6D760-D0D5-45CB-B730-AFBAF298C7D1}.Debug|ARM.Build.0 = Debug|Any CPU
		{01F6D760-D0D5-45CB-B730-AFBAF298C7D1}.Debug|ARM64.ActiveCfg = Debug|Any CPU
		{01F6D760-D0D5-45CB-B730-AFBAF298C7D1}.Debug|ARM64.Build.0 = Debug|Any CPU
		{01F6D760-D0D5-45CB-B730-AFBAF298C7D1}.Debug|x64.ActiveCfg = Debug|Any CPU
		{01F6D760-D0D5-45CB-B730-AFBAF298C7D1}.Debug|x64.Build.0 = Debug|Any CPU
		{01F6D760-D0D5-45CB-B730-AFBAF298C7D1}.Debug|x86.ActiveCfg = Debug|Any CPU
		{01F6D760-D0D5-45CB-B730-AFBAF298C7D1}.Debug|x86.Build.0 = Debug|Any CPU
		{01F6D760-D0D5-45CB-B730-AFBAF298C7D1}.Release|Any CPU.ActiveCfg = Release|Any CPU
		{01F6D760-D0D5-45CB-B730-AFBAF298C7D1}.Release|Any CPU.Build.0 = Release|Any CPU
		{01F6D760-D0D5-45CB-B730-AFBAF298C7D1}.Release|ARM.ActiveCfg = Release|Any CPU
		{01F6D760-D0D5-45CB-B730-AFBAF298C7D1}.Release|ARM.Build.0 = Release|Any CPU
		{01F6D760-D0D5-45CB-B730-AFBAF298C7D1}.Release|ARM64.ActiveCfg = Release|Any CPU
		{01F6D760-D0D5-45CB-B730-AFBAF298C7D1}.Release|ARM64.Build.0 = Release|Any CPU
		{01F6D760-D0D5-45CB-B730-AFBAF298C7D1}.Release|x64.ActiveCfg = Release|Any CPU
		{01F6D760-D0D5-45CB-B730-AFBAF298C7D1}.Release|x64.Build.0 = Release|Any CPU
		{01F6D760-D0D5-45CB-B730-AFBAF298C7D1}.Release|x86.ActiveCfg = Release|Any CPU
		{01F6D760-D0D5-45CB-B730-AFBAF298C7D1}.Release|x86.Build.0 = Release|Any CPU
		{7E6FF8AE-63E9-4BB2-9ACE-7580CE229F65}.Debug|Any CPU.ActiveCfg = Debug|Any CPU
		{7E6FF8AE-63E9-4BB2-9ACE-7580CE229F65}.Debug|Any CPU.Build.0 = Debug|Any CPU
		{7E6FF8AE-63E9-4BB2-9ACE-7580CE229F65}.Debug|ARM.ActiveCfg = Debug|Any CPU
		{7E6FF8AE-63E9-4BB2-9ACE-7580CE229F65}.Debug|ARM.Build.0 = Debug|Any CPU
		{7E6FF8AE-63E9-4BB2-9ACE-7580CE229F65}.Debug|ARM64.ActiveCfg = Debug|Any CPU
		{7E6FF8AE-63E9-4BB2-9ACE-7580CE229F65}.Debug|ARM64.Build.0 = Debug|Any CPU
		{7E6FF8AE-63E9-4BB2-9ACE-7580CE229F65}.Debug|x64.ActiveCfg = Debug|Any CPU
		{7E6FF8AE-63E9-4BB2-9ACE-7580CE229F65}.Debug|x64.Build.0 = Debug|Any CPU
		{7E6FF8AE-63E9-4BB2-9ACE-7580CE229F65}.Debug|x86.ActiveCfg = Debug|Any CPU
		{7E6FF8AE-63E9-4BB2-9ACE-7580CE229F65}.Debug|x86.Build.0 = Debug|Any CPU
		{7E6FF8AE-63E9-4BB2-9ACE-7580CE229F65}.Release|Any CPU.ActiveCfg = Release|Any CPU
		{7E6FF8AE-63E9-4BB2-9ACE-7580CE229F65}.Release|Any CPU.Build.0 = Release|Any CPU
		{7E6FF8AE-63E9-4BB2-9ACE-7580CE229F65}.Release|ARM.ActiveCfg = Release|Any CPU
		{7E6FF8AE-63E9-4BB2-9ACE-7580CE229F65}.Release|ARM.Build.0 = Release|Any CPU
		{7E6FF8AE-63E9-4BB2-9ACE-7580CE229F65}.Release|ARM64.ActiveCfg = Release|Any CPU
		{7E6FF8AE-63E9-4BB2-9ACE-7580CE229F65}.Release|ARM64.Build.0 = Release|Any CPU
		{7E6FF8AE-63E9-4BB2-9ACE-7580CE229F65}.Release|x64.ActiveCfg = Release|Any CPU
		{7E6FF8AE-63E9-4BB2-9ACE-7580CE229F65}.Release|x64.Build.0 = Release|Any CPU
		{7E6FF8AE-63E9-4BB2-9ACE-7580CE229F65}.Release|x86.ActiveCfg = Release|Any CPU
		{7E6FF8AE-63E9-4BB2-9ACE-7580CE229F65}.Release|x86.Build.0 = Release|Any CPU
		{9F0BD6DF-F288-451B-828E-6431E5441DB8}.Debug|Any CPU.ActiveCfg = Debug|Any CPU
		{9F0BD6DF-F288-451B-828E-6431E5441DB8}.Debug|Any CPU.Build.0 = Debug|Any CPU
		{9F0BD6DF-F288-451B-828E-6431E5441DB8}.Debug|ARM.ActiveCfg = Debug|Any CPU
		{9F0BD6DF-F288-451B-828E-6431E5441DB8}.Debug|ARM.Build.0 = Debug|Any CPU
		{9F0BD6DF-F288-451B-828E-6431E5441DB8}.Debug|ARM64.ActiveCfg = Debug|Any CPU
		{9F0BD6DF-F288-451B-828E-6431E5441DB8}.Debug|ARM64.Build.0 = Debug|Any CPU
		{9F0BD6DF-F288-451B-828E-6431E5441DB8}.Debug|x64.ActiveCfg = Debug|Any CPU
		{9F0BD6DF-F288-451B-828E-6431E5441DB8}.Debug|x64.Build.0 = Debug|Any CPU
		{9F0BD6DF-F288-451B-828E-6431E5441DB8}.Debug|x86.ActiveCfg = Debug|Any CPU
		{9F0BD6DF-F288-451B-828E-6431E5441DB8}.Debug|x86.Build.0 = Debug|Any CPU
		{9F0BD6DF-F288-451B-828E-6431E5441DB8}.Release|Any CPU.ActiveCfg = Release|Any CPU
		{9F0BD6DF-F288-451B-828E-6431E5441DB8}.Release|Any CPU.Build.0 = Release|Any CPU
		{9F0BD6DF-F288-451B-828E-6431E5441DB8}.Release|ARM.ActiveCfg = Release|Any CPU
		{9F0BD6DF-F288-451B-828E-6431E5441DB8}.Release|ARM.Build.0 = Release|Any CPU
		{9F0BD6DF-F288-451B-828E-6431E5441DB8}.Release|ARM64.ActiveCfg = Release|Any CPU
		{9F0BD6DF-F288-451B-828E-6431E5441DB8}.Release|ARM64.Build.0 = Release|Any CPU
		{9F0BD6DF-F288-451B-828E-6431E5441DB8}.Release|x64.ActiveCfg = Release|Any CPU
		{9F0BD6DF-F288-451B-828E-6431E5441DB8}.Release|x64.Build.0 = Release|Any CPU
		{9F0BD6DF-F288-451B-828E-6431E5441DB8}.Release|x86.ActiveCfg = Release|Any CPU
		{9F0BD6DF-F288-451B-828E-6431E5441DB8}.Release|x86.Build.0 = Release|Any CPU
		{8650B5B4-754B-4B77-A26F-08466854BE3A}.Debug|Any CPU.ActiveCfg = Debug|Any CPU
		{8650B5B4-754B-4B77-A26F-08466854BE3A}.Debug|Any CPU.Build.0 = Debug|Any CPU
		{8650B5B4-754B-4B77-A26F-08466854BE3A}.Debug|ARM.ActiveCfg = Debug|Any CPU
		{8650B5B4-754B-4B77-A26F-08466854BE3A}.Debug|ARM.Build.0 = Debug|Any CPU
		{8650B5B4-754B-4B77-A26F-08466854BE3A}.Debug|ARM64.ActiveCfg = Debug|Any CPU
		{8650B5B4-754B-4B77-A26F-08466854BE3A}.Debug|ARM64.Build.0 = Debug|Any CPU
		{8650B5B4-754B-4B77-A26F-08466854BE3A}.Debug|x64.ActiveCfg = Debug|Any CPU
		{8650B5B4-754B-4B77-A26F-08466854BE3A}.Debug|x64.Build.0 = Debug|Any CPU
		{8650B5B4-754B-4B77-A26F-08466854BE3A}.Debug|x86.ActiveCfg = Debug|Any CPU
		{8650B5B4-754B-4B77-A26F-08466854BE3A}.Debug|x86.Build.0 = Debug|Any CPU
		{8650B5B4-754B-4B77-A26F-08466854BE3A}.Release|Any CPU.ActiveCfg = Release|Any CPU
		{8650B5B4-754B-4B77-A26F-08466854BE3A}.Release|Any CPU.Build.0 = Release|Any CPU
		{8650B5B4-754B-4B77-A26F-08466854BE3A}.Release|ARM.ActiveCfg = Release|Any CPU
		{8650B5B4-754B-4B77-A26F-08466854BE3A}.Release|ARM.Build.0 = Release|Any CPU
		{8650B5B4-754B-4B77-A26F-08466854BE3A}.Release|ARM64.ActiveCfg = Release|Any CPU
		{8650B5B4-754B-4B77-A26F-08466854BE3A}.Release|ARM64.Build.0 = Release|Any CPU
		{8650B5B4-754B-4B77-A26F-08466854BE3A}.Release|x64.ActiveCfg = Release|Any CPU
		{8650B5B4-754B-4B77-A26F-08466854BE3A}.Release|x64.Build.0 = Release|Any CPU
		{8650B5B4-754B-4B77-A26F-08466854BE3A}.Release|x86.ActiveCfg = Release|Any CPU
		{8650B5B4-754B-4B77-A26F-08466854BE3A}.Release|x86.Build.0 = Release|Any CPU
		{95F41FBC-0545-4684-8E7B-ACB6EF4C771E}.Debug|Any CPU.ActiveCfg = Debug|Any CPU
		{95F41FBC-0545-4684-8E7B-ACB6EF4C771E}.Debug|Any CPU.Build.0 = Debug|Any CPU
		{95F41FBC-0545-4684-8E7B-ACB6EF4C771E}.Debug|ARM.ActiveCfg = Debug|Any CPU
		{95F41FBC-0545-4684-8E7B-ACB6EF4C771E}.Debug|ARM.Build.0 = Debug|Any CPU
		{95F41FBC-0545-4684-8E7B-ACB6EF4C771E}.Debug|ARM64.ActiveCfg = Debug|Any CPU
		{95F41FBC-0545-4684-8E7B-ACB6EF4C771E}.Debug|ARM64.Build.0 = Debug|Any CPU
		{95F41FBC-0545-4684-8E7B-ACB6EF4C771E}.Debug|x64.ActiveCfg = Debug|Any CPU
		{95F41FBC-0545-4684-8E7B-ACB6EF4C771E}.Debug|x64.Build.0 = Debug|Any CPU
		{95F41FBC-0545-4684-8E7B-ACB6EF4C771E}.Debug|x86.ActiveCfg = Debug|Any CPU
		{95F41FBC-0545-4684-8E7B-ACB6EF4C771E}.Debug|x86.Build.0 = Debug|Any CPU
		{95F41FBC-0545-4684-8E7B-ACB6EF4C771E}.Release|Any CPU.ActiveCfg = Release|Any CPU
		{95F41FBC-0545-4684-8E7B-ACB6EF4C771E}.Release|Any CPU.Build.0 = Release|Any CPU
		{95F41FBC-0545-4684-8E7B-ACB6EF4C771E}.Release|ARM.ActiveCfg = Release|Any CPU
		{95F41FBC-0545-4684-8E7B-ACB6EF4C771E}.Release|ARM.Build.0 = Release|Any CPU
		{95F41FBC-0545-4684-8E7B-ACB6EF4C771E}.Release|ARM64.ActiveCfg = Release|Any CPU
		{95F41FBC-0545-4684-8E7B-ACB6EF4C771E}.Release|ARM64.Build.0 = Release|Any CPU
		{95F41FBC-0545-4684-8E7B-ACB6EF4C771E}.Release|x64.ActiveCfg = Release|Any CPU
		{95F41FBC-0545-4684-8E7B-ACB6EF4C771E}.Release|x64.Build.0 = Release|Any CPU
		{95F41FBC-0545-4684-8E7B-ACB6EF4C771E}.Release|x86.ActiveCfg = Release|Any CPU
		{95F41FBC-0545-4684-8E7B-ACB6EF4C771E}.Release|x86.Build.0 = Release|Any CPU
		{83808718-DCDE-4081-9E3B-986532EE59AE}.Debug|Any CPU.ActiveCfg = Debug|Any CPU
		{83808718-DCDE-4081-9E3B-986532EE59AE}.Debug|Any CPU.Build.0 = Debug|Any CPU
		{83808718-DCDE-4081-9E3B-986532EE59AE}.Debug|ARM.ActiveCfg = Debug|Any CPU
		{83808718-DCDE-4081-9E3B-986532EE59AE}.Debug|ARM.Build.0 = Debug|Any CPU
		{83808718-DCDE-4081-9E3B-986532EE59AE}.Debug|ARM64.ActiveCfg = Debug|Any CPU
		{83808718-DCDE-4081-9E3B-986532EE59AE}.Debug|ARM64.Build.0 = Debug|Any CPU
		{83808718-DCDE-4081-9E3B-986532EE59AE}.Debug|x64.ActiveCfg = Debug|Any CPU
		{83808718-DCDE-4081-9E3B-986532EE59AE}.Debug|x64.Build.0 = Debug|Any CPU
		{83808718-DCDE-4081-9E3B-986532EE59AE}.Debug|x86.ActiveCfg = Debug|Any CPU
		{83808718-DCDE-4081-9E3B-986532EE59AE}.Debug|x86.Build.0 = Debug|Any CPU
		{83808718-DCDE-4081-9E3B-986532EE59AE}.Release|Any CPU.ActiveCfg = Release|Any CPU
		{83808718-DCDE-4081-9E3B-986532EE59AE}.Release|Any CPU.Build.0 = Release|Any CPU
		{83808718-DCDE-4081-9E3B-986532EE59AE}.Release|ARM.ActiveCfg = Release|Any CPU
		{83808718-DCDE-4081-9E3B-986532EE59AE}.Release|ARM.Build.0 = Release|Any CPU
		{83808718-DCDE-4081-9E3B-986532EE59AE}.Release|ARM64.ActiveCfg = Release|Any CPU
		{83808718-DCDE-4081-9E3B-986532EE59AE}.Release|ARM64.Build.0 = Release|Any CPU
		{83808718-DCDE-4081-9E3B-986532EE59AE}.Release|x64.ActiveCfg = Release|Any CPU
		{83808718-DCDE-4081-9E3B-986532EE59AE}.Release|x64.Build.0 = Release|Any CPU
		{83808718-DCDE-4081-9E3B-986532EE59AE}.Release|x86.ActiveCfg = Release|Any CPU
		{83808718-DCDE-4081-9E3B-986532EE59AE}.Release|x86.Build.0 = Release|Any CPU
		{9C58268F-AA27-40EA-9A40-EF89D7DF88BF}.Debug|Any CPU.ActiveCfg = Debug|Any CPU
		{9C58268F-AA27-40EA-9A40-EF89D7DF88BF}.Debug|Any CPU.Build.0 = Debug|Any CPU
		{9C58268F-AA27-40EA-9A40-EF89D7DF88BF}.Debug|ARM.ActiveCfg = Debug|Any CPU
		{9C58268F-AA27-40EA-9A40-EF89D7DF88BF}.Debug|ARM.Build.0 = Debug|Any CPU
		{9C58268F-AA27-40EA-9A40-EF89D7DF88BF}.Debug|ARM64.ActiveCfg = Debug|Any CPU
		{9C58268F-AA27-40EA-9A40-EF89D7DF88BF}.Debug|ARM64.Build.0 = Debug|Any CPU
		{9C58268F-AA27-40EA-9A40-EF89D7DF88BF}.Debug|x64.ActiveCfg = Debug|Any CPU
		{9C58268F-AA27-40EA-9A40-EF89D7DF88BF}.Debug|x64.Build.0 = Debug|Any CPU
		{9C58268F-AA27-40EA-9A40-EF89D7DF88BF}.Debug|x86.ActiveCfg = Debug|Any CPU
		{9C58268F-AA27-40EA-9A40-EF89D7DF88BF}.Debug|x86.Build.0 = Debug|Any CPU
		{9C58268F-AA27-40EA-9A40-EF89D7DF88BF}.Release|Any CPU.ActiveCfg = Release|Any CPU
		{9C58268F-AA27-40EA-9A40-EF89D7DF88BF}.Release|Any CPU.Build.0 = Release|Any CPU
		{9C58268F-AA27-40EA-9A40-EF89D7DF88BF}.Release|ARM.ActiveCfg = Release|Any CPU
		{9C58268F-AA27-40EA-9A40-EF89D7DF88BF}.Release|ARM.Build.0 = Release|Any CPU
		{9C58268F-AA27-40EA-9A40-EF89D7DF88BF}.Release|ARM64.ActiveCfg = Release|Any CPU
		{9C58268F-AA27-40EA-9A40-EF89D7DF88BF}.Release|ARM64.Build.0 = Release|Any CPU
		{9C58268F-AA27-40EA-9A40-EF89D7DF88BF}.Release|x64.ActiveCfg = Release|Any CPU
		{9C58268F-AA27-40EA-9A40-EF89D7DF88BF}.Release|x64.Build.0 = Release|Any CPU
		{9C58268F-AA27-40EA-9A40-EF89D7DF88BF}.Release|x86.ActiveCfg = Release|Any CPU
		{9C58268F-AA27-40EA-9A40-EF89D7DF88BF}.Release|x86.Build.0 = Release|Any CPU
		{5EB0BCB6-3DDD-4285-B910-7554B05CA4ED}.Debug|Any CPU.ActiveCfg = Debug|Any CPU
		{5EB0BCB6-3DDD-4285-B910-7554B05CA4ED}.Debug|Any CPU.Build.0 = Debug|Any CPU
		{5EB0BCB6-3DDD-4285-B910-7554B05CA4ED}.Debug|ARM.ActiveCfg = Debug|Any CPU
		{5EB0BCB6-3DDD-4285-B910-7554B05CA4ED}.Debug|ARM.Build.0 = Debug|Any CPU
		{5EB0BCB6-3DDD-4285-B910-7554B05CA4ED}.Debug|ARM64.ActiveCfg = Debug|Any CPU
		{5EB0BCB6-3DDD-4285-B910-7554B05CA4ED}.Debug|ARM64.Build.0 = Debug|Any CPU
		{5EB0BCB6-3DDD-4285-B910-7554B05CA4ED}.Debug|x64.ActiveCfg = Debug|Any CPU
		{5EB0BCB6-3DDD-4285-B910-7554B05CA4ED}.Debug|x64.Build.0 = Debug|Any CPU
		{5EB0BCB6-3DDD-4285-B910-7554B05CA4ED}.Debug|x86.ActiveCfg = Debug|Any CPU
		{5EB0BCB6-3DDD-4285-B910-7554B05CA4ED}.Debug|x86.Build.0 = Debug|Any CPU
		{5EB0BCB6-3DDD-4285-B910-7554B05CA4ED}.Release|Any CPU.ActiveCfg = Release|Any CPU
		{5EB0BCB6-3DDD-4285-B910-7554B05CA4ED}.Release|Any CPU.Build.0 = Release|Any CPU
		{5EB0BCB6-3DDD-4285-B910-7554B05CA4ED}.Release|ARM.ActiveCfg = Release|Any CPU
		{5EB0BCB6-3DDD-4285-B910-7554B05CA4ED}.Release|ARM.Build.0 = Release|Any CPU
		{5EB0BCB6-3DDD-4285-B910-7554B05CA4ED}.Release|ARM64.ActiveCfg = Release|Any CPU
		{5EB0BCB6-3DDD-4285-B910-7554B05CA4ED}.Release|ARM64.Build.0 = Release|Any CPU
		{5EB0BCB6-3DDD-4285-B910-7554B05CA4ED}.Release|x64.ActiveCfg = Release|Any CPU
		{5EB0BCB6-3DDD-4285-B910-7554B05CA4ED}.Release|x64.Build.0 = Release|Any CPU
		{5EB0BCB6-3DDD-4285-B910-7554B05CA4ED}.Release|x86.ActiveCfg = Release|Any CPU
		{5EB0BCB6-3DDD-4285-B910-7554B05CA4ED}.Release|x86.Build.0 = Release|Any CPU
		{63851A28-457A-48C5-BF3D-21AD4AE046A6}.Debug|Any CPU.ActiveCfg = Debug|Any CPU
		{63851A28-457A-48C5-BF3D-21AD4AE046A6}.Debug|Any CPU.Build.0 = Debug|Any CPU
		{63851A28-457A-48C5-BF3D-21AD4AE046A6}.Debug|ARM.ActiveCfg = Debug|Any CPU
		{63851A28-457A-48C5-BF3D-21AD4AE046A6}.Debug|ARM.Build.0 = Debug|Any CPU
		{63851A28-457A-48C5-BF3D-21AD4AE046A6}.Debug|ARM64.ActiveCfg = Debug|Any CPU
		{63851A28-457A-48C5-BF3D-21AD4AE046A6}.Debug|ARM64.Build.0 = Debug|Any CPU
		{63851A28-457A-48C5-BF3D-21AD4AE046A6}.Debug|x64.ActiveCfg = Debug|Any CPU
		{63851A28-457A-48C5-BF3D-21AD4AE046A6}.Debug|x64.Build.0 = Debug|Any CPU
		{63851A28-457A-48C5-BF3D-21AD4AE046A6}.Debug|x86.ActiveCfg = Debug|Any CPU
		{63851A28-457A-48C5-BF3D-21AD4AE046A6}.Debug|x86.Build.0 = Debug|Any CPU
		{63851A28-457A-48C5-BF3D-21AD4AE046A6}.Release|Any CPU.ActiveCfg = Release|Any CPU
		{63851A28-457A-48C5-BF3D-21AD4AE046A6}.Release|Any CPU.Build.0 = Release|Any CPU
		{63851A28-457A-48C5-BF3D-21AD4AE046A6}.Release|ARM.ActiveCfg = Release|Any CPU
		{63851A28-457A-48C5-BF3D-21AD4AE046A6}.Release|ARM.Build.0 = Release|Any CPU
		{63851A28-457A-48C5-BF3D-21AD4AE046A6}.Release|ARM64.ActiveCfg = Release|Any CPU
		{63851A28-457A-48C5-BF3D-21AD4AE046A6}.Release|ARM64.Build.0 = Release|Any CPU
		{63851A28-457A-48C5-BF3D-21AD4AE046A6}.Release|x64.ActiveCfg = Release|Any CPU
		{63851A28-457A-48C5-BF3D-21AD4AE046A6}.Release|x64.Build.0 = Release|Any CPU
		{63851A28-457A-48C5-BF3D-21AD4AE046A6}.Release|x86.ActiveCfg = Release|Any CPU
		{63851A28-457A-48C5-BF3D-21AD4AE046A6}.Release|x86.Build.0 = Release|Any CPU
		{A5624EE1-2178-4302-BE28-7E3351A1C3D0}.Debug|Any CPU.ActiveCfg = Debug|Any CPU
		{A5624EE1-2178-4302-BE28-7E3351A1C3D0}.Debug|Any CPU.Build.0 = Debug|Any CPU
		{A5624EE1-2178-4302-BE28-7E3351A1C3D0}.Debug|ARM.ActiveCfg = Debug|Any CPU
		{A5624EE1-2178-4302-BE28-7E3351A1C3D0}.Debug|ARM.Build.0 = Debug|Any CPU
		{A5624EE1-2178-4302-BE28-7E3351A1C3D0}.Debug|ARM64.ActiveCfg = Debug|Any CPU
		{A5624EE1-2178-4302-BE28-7E3351A1C3D0}.Debug|ARM64.Build.0 = Debug|Any CPU
		{A5624EE1-2178-4302-BE28-7E3351A1C3D0}.Debug|x64.ActiveCfg = Debug|Any CPU
		{A5624EE1-2178-4302-BE28-7E3351A1C3D0}.Debug|x64.Build.0 = Debug|Any CPU
		{A5624EE1-2178-4302-BE28-7E3351A1C3D0}.Debug|x86.ActiveCfg = Debug|Any CPU
		{A5624EE1-2178-4302-BE28-7E3351A1C3D0}.Debug|x86.Build.0 = Debug|Any CPU
		{A5624EE1-2178-4302-BE28-7E3351A1C3D0}.Release|Any CPU.ActiveCfg = Release|Any CPU
		{A5624EE1-2178-4302-BE28-7E3351A1C3D0}.Release|Any CPU.Build.0 = Release|Any CPU
		{A5624EE1-2178-4302-BE28-7E3351A1C3D0}.Release|ARM.ActiveCfg = Release|Any CPU
		{A5624EE1-2178-4302-BE28-7E3351A1C3D0}.Release|ARM.Build.0 = Release|Any CPU
		{A5624EE1-2178-4302-BE28-7E3351A1C3D0}.Release|ARM64.ActiveCfg = Release|Any CPU
		{A5624EE1-2178-4302-BE28-7E3351A1C3D0}.Release|ARM64.Build.0 = Release|Any CPU
		{A5624EE1-2178-4302-BE28-7E3351A1C3D0}.Release|x64.ActiveCfg = Release|Any CPU
		{A5624EE1-2178-4302-BE28-7E3351A1C3D0}.Release|x64.Build.0 = Release|Any CPU
		{A5624EE1-2178-4302-BE28-7E3351A1C3D0}.Release|x86.ActiveCfg = Release|Any CPU
		{A5624EE1-2178-4302-BE28-7E3351A1C3D0}.Release|x86.Build.0 = Release|Any CPU
		{8F981F84-FD53-4F63-B5A5-E4D6EEE9CC23}.Debug|Any CPU.ActiveCfg = Debug|Any CPU
		{8F981F84-FD53-4F63-B5A5-E4D6EEE9CC23}.Debug|Any CPU.Build.0 = Debug|Any CPU
		{8F981F84-FD53-4F63-B5A5-E4D6EEE9CC23}.Debug|ARM.ActiveCfg = Debug|Any CPU
		{8F981F84-FD53-4F63-B5A5-E4D6EEE9CC23}.Debug|ARM.Build.0 = Debug|Any CPU
		{8F981F84-FD53-4F63-B5A5-E4D6EEE9CC23}.Debug|ARM64.ActiveCfg = Debug|Any CPU
		{8F981F84-FD53-4F63-B5A5-E4D6EEE9CC23}.Debug|ARM64.Build.0 = Debug|Any CPU
		{8F981F84-FD53-4F63-B5A5-E4D6EEE9CC23}.Debug|x64.ActiveCfg = Debug|Any CPU
		{8F981F84-FD53-4F63-B5A5-E4D6EEE9CC23}.Debug|x64.Build.0 = Debug|Any CPU
		{8F981F84-FD53-4F63-B5A5-E4D6EEE9CC23}.Debug|x86.ActiveCfg = Debug|Any CPU
		{8F981F84-FD53-4F63-B5A5-E4D6EEE9CC23}.Debug|x86.Build.0 = Debug|Any CPU
		{8F981F84-FD53-4F63-B5A5-E4D6EEE9CC23}.Release|Any CPU.ActiveCfg = Release|Any CPU
		{8F981F84-FD53-4F63-B5A5-E4D6EEE9CC23}.Release|Any CPU.Build.0 = Release|Any CPU
		{8F981F84-FD53-4F63-B5A5-E4D6EEE9CC23}.Release|ARM.ActiveCfg = Release|Any CPU
		{8F981F84-FD53-4F63-B5A5-E4D6EEE9CC23}.Release|ARM.Build.0 = Release|Any CPU
		{8F981F84-FD53-4F63-B5A5-E4D6EEE9CC23}.Release|ARM64.ActiveCfg = Release|Any CPU
		{8F981F84-FD53-4F63-B5A5-E4D6EEE9CC23}.Release|ARM64.Build.0 = Release|Any CPU
		{8F981F84-FD53-4F63-B5A5-E4D6EEE9CC23}.Release|x64.ActiveCfg = Release|Any CPU
		{8F981F84-FD53-4F63-B5A5-E4D6EEE9CC23}.Release|x64.Build.0 = Release|Any CPU
		{8F981F84-FD53-4F63-B5A5-E4D6EEE9CC23}.Release|x86.ActiveCfg = Release|Any CPU
		{8F981F84-FD53-4F63-B5A5-E4D6EEE9CC23}.Release|x86.Build.0 = Release|Any CPU
		{31AFBF19-AEB7-4B28-A6D0-06627C785D9F}.Debug|Any CPU.ActiveCfg = Debug|Any CPU
		{31AFBF19-AEB7-4B28-A6D0-06627C785D9F}.Debug|Any CPU.Build.0 = Debug|Any CPU
		{31AFBF19-AEB7-4B28-A6D0-06627C785D9F}.Debug|ARM.ActiveCfg = Debug|Any CPU
		{31AFBF19-AEB7-4B28-A6D0-06627C785D9F}.Debug|ARM.Build.0 = Debug|Any CPU
		{31AFBF19-AEB7-4B28-A6D0-06627C785D9F}.Debug|ARM64.ActiveCfg = Debug|Any CPU
		{31AFBF19-AEB7-4B28-A6D0-06627C785D9F}.Debug|ARM64.Build.0 = Debug|Any CPU
		{31AFBF19-AEB7-4B28-A6D0-06627C785D9F}.Debug|x64.ActiveCfg = Debug|Any CPU
		{31AFBF19-AEB7-4B28-A6D0-06627C785D9F}.Debug|x64.Build.0 = Debug|Any CPU
		{31AFBF19-AEB7-4B28-A6D0-06627C785D9F}.Debug|x86.ActiveCfg = Debug|Any CPU
		{31AFBF19-AEB7-4B28-A6D0-06627C785D9F}.Debug|x86.Build.0 = Debug|Any CPU
		{31AFBF19-AEB7-4B28-A6D0-06627C785D9F}.Release|Any CPU.ActiveCfg = Release|Any CPU
		{31AFBF19-AEB7-4B28-A6D0-06627C785D9F}.Release|Any CPU.Build.0 = Release|Any CPU
		{31AFBF19-AEB7-4B28-A6D0-06627C785D9F}.Release|ARM.ActiveCfg = Release|Any CPU
		{31AFBF19-AEB7-4B28-A6D0-06627C785D9F}.Release|ARM.Build.0 = Release|Any CPU
		{31AFBF19-AEB7-4B28-A6D0-06627C785D9F}.Release|ARM64.ActiveCfg = Release|Any CPU
		{31AFBF19-AEB7-4B28-A6D0-06627C785D9F}.Release|ARM64.Build.0 = Release|Any CPU
		{31AFBF19-AEB7-4B28-A6D0-06627C785D9F}.Release|x64.ActiveCfg = Release|Any CPU
		{31AFBF19-AEB7-4B28-A6D0-06627C785D9F}.Release|x64.Build.0 = Release|Any CPU
		{31AFBF19-AEB7-4B28-A6D0-06627C785D9F}.Release|x86.ActiveCfg = Release|Any CPU
		{31AFBF19-AEB7-4B28-A6D0-06627C785D9F}.Release|x86.Build.0 = Release|Any CPU
		{A1990015-10AC-4C7C-B793-D5C80EED3C3E}.Debug|Any CPU.ActiveCfg = Debug|Any CPU
		{A1990015-10AC-4C7C-B793-D5C80EED3C3E}.Debug|Any CPU.Build.0 = Debug|Any CPU
		{A1990015-10AC-4C7C-B793-D5C80EED3C3E}.Debug|ARM.ActiveCfg = Debug|Any CPU
		{A1990015-10AC-4C7C-B793-D5C80EED3C3E}.Debug|ARM.Build.0 = Debug|Any CPU
		{A1990015-10AC-4C7C-B793-D5C80EED3C3E}.Debug|ARM64.ActiveCfg = Debug|Any CPU
		{A1990015-10AC-4C7C-B793-D5C80EED3C3E}.Debug|ARM64.Build.0 = Debug|Any CPU
		{A1990015-10AC-4C7C-B793-D5C80EED3C3E}.Debug|x64.ActiveCfg = Debug|Any CPU
		{A1990015-10AC-4C7C-B793-D5C80EED3C3E}.Debug|x64.Build.0 = Debug|Any CPU
		{A1990015-10AC-4C7C-B793-D5C80EED3C3E}.Debug|x86.ActiveCfg = Debug|Any CPU
		{A1990015-10AC-4C7C-B793-D5C80EED3C3E}.Debug|x86.Build.0 = Debug|Any CPU
		{A1990015-10AC-4C7C-B793-D5C80EED3C3E}.Release|Any CPU.ActiveCfg = Release|Any CPU
		{A1990015-10AC-4C7C-B793-D5C80EED3C3E}.Release|Any CPU.Build.0 = Release|Any CPU
		{A1990015-10AC-4C7C-B793-D5C80EED3C3E}.Release|ARM.ActiveCfg = Release|Any CPU
		{A1990015-10AC-4C7C-B793-D5C80EED3C3E}.Release|ARM.Build.0 = Release|Any CPU
		{A1990015-10AC-4C7C-B793-D5C80EED3C3E}.Release|ARM64.ActiveCfg = Release|Any CPU
		{A1990015-10AC-4C7C-B793-D5C80EED3C3E}.Release|ARM64.Build.0 = Release|Any CPU
		{A1990015-10AC-4C7C-B793-D5C80EED3C3E}.Release|x64.ActiveCfg = Release|Any CPU
		{A1990015-10AC-4C7C-B793-D5C80EED3C3E}.Release|x64.Build.0 = Release|Any CPU
		{A1990015-10AC-4C7C-B793-D5C80EED3C3E}.Release|x86.ActiveCfg = Release|Any CPU
		{A1990015-10AC-4C7C-B793-D5C80EED3C3E}.Release|x86.Build.0 = Release|Any CPU
		{3AA02B9E-3034-4523-BB6A-F75DF9FB8146}.Debug|Any CPU.ActiveCfg = Debug|Any CPU
		{3AA02B9E-3034-4523-BB6A-F75DF9FB8146}.Debug|Any CPU.Build.0 = Debug|Any CPU
		{3AA02B9E-3034-4523-BB6A-F75DF9FB8146}.Debug|ARM.ActiveCfg = Debug|Any CPU
		{3AA02B9E-3034-4523-BB6A-F75DF9FB8146}.Debug|ARM.Build.0 = Debug|Any CPU
		{3AA02B9E-3034-4523-BB6A-F75DF9FB8146}.Debug|ARM64.ActiveCfg = Debug|Any CPU
		{3AA02B9E-3034-4523-BB6A-F75DF9FB8146}.Debug|ARM64.Build.0 = Debug|Any CPU
		{3AA02B9E-3034-4523-BB6A-F75DF9FB8146}.Debug|x64.ActiveCfg = Debug|Any CPU
		{3AA02B9E-3034-4523-BB6A-F75DF9FB8146}.Debug|x64.Build.0 = Debug|Any CPU
		{3AA02B9E-3034-4523-BB6A-F75DF9FB8146}.Debug|x86.ActiveCfg = Debug|Any CPU
		{3AA02B9E-3034-4523-BB6A-F75DF9FB8146}.Debug|x86.Build.0 = Debug|Any CPU
		{3AA02B9E-3034-4523-BB6A-F75DF9FB8146}.Release|Any CPU.ActiveCfg = Release|Any CPU
		{3AA02B9E-3034-4523-BB6A-F75DF9FB8146}.Release|Any CPU.Build.0 = Release|Any CPU
		{3AA02B9E-3034-4523-BB6A-F75DF9FB8146}.Release|ARM.ActiveCfg = Release|Any CPU
		{3AA02B9E-3034-4523-BB6A-F75DF9FB8146}.Release|ARM.Build.0 = Release|Any CPU
		{3AA02B9E-3034-4523-BB6A-F75DF9FB8146}.Release|ARM64.ActiveCfg = Release|Any CPU
		{3AA02B9E-3034-4523-BB6A-F75DF9FB8146}.Release|ARM64.Build.0 = Release|Any CPU
		{3AA02B9E-3034-4523-BB6A-F75DF9FB8146}.Release|x64.ActiveCfg = Release|Any CPU
		{3AA02B9E-3034-4523-BB6A-F75DF9FB8146}.Release|x64.Build.0 = Release|Any CPU
		{3AA02B9E-3034-4523-BB6A-F75DF9FB8146}.Release|x86.ActiveCfg = Release|Any CPU
		{3AA02B9E-3034-4523-BB6A-F75DF9FB8146}.Release|x86.Build.0 = Release|Any CPU
		{37078252-9B4E-4CC4-8980-062A00253E8E}.Debug|Any CPU.ActiveCfg = Debug|x64
		{37078252-9B4E-4CC4-8980-062A00253E8E}.Debug|Any CPU.Build.0 = Debug|x64
		{37078252-9B4E-4CC4-8980-062A00253E8E}.Debug|ARM.ActiveCfg = Debug|x64
		{37078252-9B4E-4CC4-8980-062A00253E8E}.Debug|ARM.Build.0 = Debug|x64
		{37078252-9B4E-4CC4-8980-062A00253E8E}.Debug|ARM64.ActiveCfg = Debug|x64
		{37078252-9B4E-4CC4-8980-062A00253E8E}.Debug|ARM64.Build.0 = Debug|x64
		{37078252-9B4E-4CC4-8980-062A00253E8E}.Debug|x64.ActiveCfg = Debug|x64
		{37078252-9B4E-4CC4-8980-062A00253E8E}.Debug|x64.Build.0 = Debug|x64
		{37078252-9B4E-4CC4-8980-062A00253E8E}.Debug|x86.ActiveCfg = Debug|Win32
		{37078252-9B4E-4CC4-8980-062A00253E8E}.Debug|x86.Build.0 = Debug|Win32
		{37078252-9B4E-4CC4-8980-062A00253E8E}.Release|Any CPU.ActiveCfg = Release|x64
		{37078252-9B4E-4CC4-8980-062A00253E8E}.Release|Any CPU.Build.0 = Release|x64
		{37078252-9B4E-4CC4-8980-062A00253E8E}.Release|ARM.ActiveCfg = Release|x64
		{37078252-9B4E-4CC4-8980-062A00253E8E}.Release|ARM.Build.0 = Release|x64
		{37078252-9B4E-4CC4-8980-062A00253E8E}.Release|ARM64.ActiveCfg = Release|x64
		{37078252-9B4E-4CC4-8980-062A00253E8E}.Release|ARM64.Build.0 = Release|x64
		{37078252-9B4E-4CC4-8980-062A00253E8E}.Release|x64.ActiveCfg = Release|x64
		{37078252-9B4E-4CC4-8980-062A00253E8E}.Release|x64.Build.0 = Release|x64
		{37078252-9B4E-4CC4-8980-062A00253E8E}.Release|x86.ActiveCfg = Release|Win32
		{37078252-9B4E-4CC4-8980-062A00253E8E}.Release|x86.Build.0 = Release|Win32
		{CCD6787B-CBEA-4307-B46F-F332B39A626E}.Debug|Any CPU.ActiveCfg = Debug|Any CPU
		{CCD6787B-CBEA-4307-B46F-F332B39A626E}.Debug|Any CPU.Build.0 = Debug|Any CPU
		{CCD6787B-CBEA-4307-B46F-F332B39A626E}.Debug|ARM.ActiveCfg = Debug|Any CPU
		{CCD6787B-CBEA-4307-B46F-F332B39A626E}.Debug|ARM.Build.0 = Debug|Any CPU
		{CCD6787B-CBEA-4307-B46F-F332B39A626E}.Debug|ARM64.ActiveCfg = Debug|Any CPU
		{CCD6787B-CBEA-4307-B46F-F332B39A626E}.Debug|ARM64.Build.0 = Debug|Any CPU
		{CCD6787B-CBEA-4307-B46F-F332B39A626E}.Debug|x64.ActiveCfg = Debug|Any CPU
		{CCD6787B-CBEA-4307-B46F-F332B39A626E}.Debug|x64.Build.0 = Debug|Any CPU
		{CCD6787B-CBEA-4307-B46F-F332B39A626E}.Debug|x86.ActiveCfg = Debug|Any CPU
		{CCD6787B-CBEA-4307-B46F-F332B39A626E}.Debug|x86.Build.0 = Debug|Any CPU
		{CCD6787B-CBEA-4307-B46F-F332B39A626E}.Release|Any CPU.ActiveCfg = Release|Any CPU
		{CCD6787B-CBEA-4307-B46F-F332B39A626E}.Release|Any CPU.Build.0 = Release|Any CPU
		{CCD6787B-CBEA-4307-B46F-F332B39A626E}.Release|ARM.ActiveCfg = Release|Any CPU
		{CCD6787B-CBEA-4307-B46F-F332B39A626E}.Release|ARM.Build.0 = Release|Any CPU
		{CCD6787B-CBEA-4307-B46F-F332B39A626E}.Release|ARM64.ActiveCfg = Release|Any CPU
		{CCD6787B-CBEA-4307-B46F-F332B39A626E}.Release|ARM64.Build.0 = Release|Any CPU
		{CCD6787B-CBEA-4307-B46F-F332B39A626E}.Release|x64.ActiveCfg = Release|Any CPU
		{CCD6787B-CBEA-4307-B46F-F332B39A626E}.Release|x64.Build.0 = Release|Any CPU
		{CCD6787B-CBEA-4307-B46F-F332B39A626E}.Release|x86.ActiveCfg = Release|Any CPU
		{CCD6787B-CBEA-4307-B46F-F332B39A626E}.Release|x86.Build.0 = Release|Any CPU
		{011FDD4B-AB92-4966-AF53-28CF19923D79}.Debug|Any CPU.ActiveCfg = Debug|x64
		{011FDD4B-AB92-4966-AF53-28CF19923D79}.Debug|Any CPU.Build.0 = Debug|x64
		{011FDD4B-AB92-4966-AF53-28CF19923D79}.Debug|ARM.ActiveCfg = Debug|x64
		{011FDD4B-AB92-4966-AF53-28CF19923D79}.Debug|ARM.Build.0 = Debug|x64
		{011FDD4B-AB92-4966-AF53-28CF19923D79}.Debug|ARM64.ActiveCfg = Debug|x64
		{011FDD4B-AB92-4966-AF53-28CF19923D79}.Debug|ARM64.Build.0 = Debug|x64
		{011FDD4B-AB92-4966-AF53-28CF19923D79}.Debug|x64.ActiveCfg = Debug|x64
		{011FDD4B-AB92-4966-AF53-28CF19923D79}.Debug|x64.Build.0 = Debug|x64
		{011FDD4B-AB92-4966-AF53-28CF19923D79}.Debug|x86.ActiveCfg = Debug|Win32
		{011FDD4B-AB92-4966-AF53-28CF19923D79}.Debug|x86.Build.0 = Debug|Win32
		{011FDD4B-AB92-4966-AF53-28CF19923D79}.Release|Any CPU.ActiveCfg = Release|x64
		{011FDD4B-AB92-4966-AF53-28CF19923D79}.Release|Any CPU.Build.0 = Release|x64
		{011FDD4B-AB92-4966-AF53-28CF19923D79}.Release|ARM.ActiveCfg = Release|x64
		{011FDD4B-AB92-4966-AF53-28CF19923D79}.Release|ARM.Build.0 = Release|x64
		{011FDD4B-AB92-4966-AF53-28CF19923D79}.Release|ARM64.ActiveCfg = Release|x64
		{011FDD4B-AB92-4966-AF53-28CF19923D79}.Release|ARM64.Build.0 = Release|x64
		{011FDD4B-AB92-4966-AF53-28CF19923D79}.Release|x64.ActiveCfg = Release|x64
		{011FDD4B-AB92-4966-AF53-28CF19923D79}.Release|x64.Build.0 = Release|x64
		{011FDD4B-AB92-4966-AF53-28CF19923D79}.Release|x86.ActiveCfg = Release|Win32
		{011FDD4B-AB92-4966-AF53-28CF19923D79}.Release|x86.Build.0 = Release|Win32
		{0FE5E491-3896-4152-BCA3-9F665151CB6F}.Debug|Any CPU.ActiveCfg = Debug|Any CPU
		{0FE5E491-3896-4152-BCA3-9F665151CB6F}.Debug|Any CPU.Build.0 = Debug|Any CPU
		{0FE5E491-3896-4152-BCA3-9F665151CB6F}.Debug|Any CPU.Deploy.0 = Debug|Any CPU
		{0FE5E491-3896-4152-BCA3-9F665151CB6F}.Debug|ARM.ActiveCfg = Debug|ARM
		{0FE5E491-3896-4152-BCA3-9F665151CB6F}.Debug|ARM.Build.0 = Debug|ARM
		{0FE5E491-3896-4152-BCA3-9F665151CB6F}.Debug|ARM.Deploy.0 = Debug|ARM
		{0FE5E491-3896-4152-BCA3-9F665151CB6F}.Debug|ARM64.ActiveCfg = Debug|ARM64
		{0FE5E491-3896-4152-BCA3-9F665151CB6F}.Debug|ARM64.Build.0 = Debug|ARM64
		{0FE5E491-3896-4152-BCA3-9F665151CB6F}.Debug|ARM64.Deploy.0 = Debug|ARM64
		{0FE5E491-3896-4152-BCA3-9F665151CB6F}.Debug|x64.ActiveCfg = Debug|x64
		{0FE5E491-3896-4152-BCA3-9F665151CB6F}.Debug|x64.Build.0 = Debug|x64
		{0FE5E491-3896-4152-BCA3-9F665151CB6F}.Debug|x64.Deploy.0 = Debug|x64
		{0FE5E491-3896-4152-BCA3-9F665151CB6F}.Debug|x86.ActiveCfg = Debug|x86
		{0FE5E491-3896-4152-BCA3-9F665151CB6F}.Debug|x86.Build.0 = Debug|x86
		{0FE5E491-3896-4152-BCA3-9F665151CB6F}.Debug|x86.Deploy.0 = Debug|x86
		{0FE5E491-3896-4152-BCA3-9F665151CB6F}.Release|Any CPU.ActiveCfg = Release|Any CPU
		{0FE5E491-3896-4152-BCA3-9F665151CB6F}.Release|Any CPU.Build.0 = Release|Any CPU
		{0FE5E491-3896-4152-BCA3-9F665151CB6F}.Release|Any CPU.Deploy.0 = Release|Any CPU
		{0FE5E491-3896-4152-BCA3-9F665151CB6F}.Release|ARM.ActiveCfg = Release|ARM
		{0FE5E491-3896-4152-BCA3-9F665151CB6F}.Release|ARM.Build.0 = Release|ARM
		{0FE5E491-3896-4152-BCA3-9F665151CB6F}.Release|ARM.Deploy.0 = Release|ARM
		{0FE5E491-3896-4152-BCA3-9F665151CB6F}.Release|ARM64.ActiveCfg = Release|ARM64
		{0FE5E491-3896-4152-BCA3-9F665151CB6F}.Release|ARM64.Build.0 = Release|ARM64
		{0FE5E491-3896-4152-BCA3-9F665151CB6F}.Release|ARM64.Deploy.0 = Release|ARM64
		{0FE5E491-3896-4152-BCA3-9F665151CB6F}.Release|x64.ActiveCfg = Release|x64
		{0FE5E491-3896-4152-BCA3-9F665151CB6F}.Release|x64.Build.0 = Release|x64
		{0FE5E491-3896-4152-BCA3-9F665151CB6F}.Release|x64.Deploy.0 = Release|x64
		{0FE5E491-3896-4152-BCA3-9F665151CB6F}.Release|x86.ActiveCfg = Release|x86
		{0FE5E491-3896-4152-BCA3-9F665151CB6F}.Release|x86.Build.0 = Release|x86
		{0FE5E491-3896-4152-BCA3-9F665151CB6F}.Release|x86.Deploy.0 = Release|x86
		{6B698106-B858-4D7F-A852-090BA7489A93}.Debug|Any CPU.ActiveCfg = Debug
		{6B698106-B858-4D7F-A852-090BA7489A93}.Debug|ARM.ActiveCfg = Debug
		{6B698106-B858-4D7F-A852-090BA7489A93}.Debug|ARM64.ActiveCfg = Debug
		{6B698106-B858-4D7F-A852-090BA7489A93}.Debug|x64.ActiveCfg = Debug
		{6B698106-B858-4D7F-A852-090BA7489A93}.Debug|x86.ActiveCfg = Debug
		{6B698106-B858-4D7F-A852-090BA7489A93}.Release|Any CPU.ActiveCfg = Release
		{6B698106-B858-4D7F-A852-090BA7489A93}.Release|ARM.ActiveCfg = Release
		{6B698106-B858-4D7F-A852-090BA7489A93}.Release|ARM64.ActiveCfg = Release
		{6B698106-B858-4D7F-A852-090BA7489A93}.Release|x64.ActiveCfg = Release
		{6B698106-B858-4D7F-A852-090BA7489A93}.Release|x86.ActiveCfg = Release
		{A1D3AC38-C24E-41A8-BF79-A3ADA0D5365A}.Debug|Any CPU.ActiveCfg = Debug|Any CPU
		{A1D3AC38-C24E-41A8-BF79-A3ADA0D5365A}.Debug|Any CPU.Build.0 = Debug|Any CPU
		{A1D3AC38-C24E-41A8-BF79-A3ADA0D5365A}.Debug|ARM.ActiveCfg = Debug|Any CPU
		{A1D3AC38-C24E-41A8-BF79-A3ADA0D5365A}.Debug|ARM.Build.0 = Debug|Any CPU
		{A1D3AC38-C24E-41A8-BF79-A3ADA0D5365A}.Debug|ARM64.ActiveCfg = Debug|Any CPU
		{A1D3AC38-C24E-41A8-BF79-A3ADA0D5365A}.Debug|ARM64.Build.0 = Debug|Any CPU
		{A1D3AC38-C24E-41A8-BF79-A3ADA0D5365A}.Debug|x64.ActiveCfg = Debug|Any CPU
		{A1D3AC38-C24E-41A8-BF79-A3ADA0D5365A}.Debug|x64.Build.0 = Debug|Any CPU
		{A1D3AC38-C24E-41A8-BF79-A3ADA0D5365A}.Debug|x86.ActiveCfg = Debug|Any CPU
		{A1D3AC38-C24E-41A8-BF79-A3ADA0D5365A}.Debug|x86.Build.0 = Debug|Any CPU
		{A1D3AC38-C24E-41A8-BF79-A3ADA0D5365A}.Release|Any CPU.ActiveCfg = Release|Any CPU
		{A1D3AC38-C24E-41A8-BF79-A3ADA0D5365A}.Release|Any CPU.Build.0 = Release|Any CPU
		{A1D3AC38-C24E-41A8-BF79-A3ADA0D5365A}.Release|ARM.ActiveCfg = Release|Any CPU
		{A1D3AC38-C24E-41A8-BF79-A3ADA0D5365A}.Release|ARM.Build.0 = Release|Any CPU
		{A1D3AC38-C24E-41A8-BF79-A3ADA0D5365A}.Release|ARM64.ActiveCfg = Release|Any CPU
		{A1D3AC38-C24E-41A8-BF79-A3ADA0D5365A}.Release|ARM64.Build.0 = Release|Any CPU
		{A1D3AC38-C24E-41A8-BF79-A3ADA0D5365A}.Release|x64.ActiveCfg = Release|Any CPU
		{A1D3AC38-C24E-41A8-BF79-A3ADA0D5365A}.Release|x64.Build.0 = Release|Any CPU
		{A1D3AC38-C24E-41A8-BF79-A3ADA0D5365A}.Release|x86.ActiveCfg = Release|Any CPU
		{A1D3AC38-C24E-41A8-BF79-A3ADA0D5365A}.Release|x86.Build.0 = Release|Any CPU
	EndGlobalSection
	GlobalSection(SolutionProperties) = preSolution
		HideSolutionNode = FALSE
	EndGlobalSection
	GlobalSection(NestedProjects) = preSolution
		{1980E43F-C5E4-4A2B-95A6-1AEBDC7EE2B7} = {036B2D67-D093-4477-ABC6-4902676A79B2}
		{DDF06EAC-02DF-4BDA-A883-98B856BC1765} = {036B2D67-D093-4477-ABC6-4902676A79B2}
		{01F6D760-D0D5-45CB-B730-AFBAF298C7D1} = {9461EE4C-58DE-49DC-B363-46C0705BEF74}
		{7E6FF8AE-63E9-4BB2-9ACE-7580CE229F65} = {9461EE4C-58DE-49DC-B363-46C0705BEF74}
		{9F0BD6DF-F288-451B-828E-6431E5441DB8} = {9461EE4C-58DE-49DC-B363-46C0705BEF74}
		{8650B5B4-754B-4B77-A26F-08466854BE3A} = {036B2D67-D093-4477-ABC6-4902676A79B2}
		{95F41FBC-0545-4684-8E7B-ACB6EF4C771E} = {036B2D67-D093-4477-ABC6-4902676A79B2}
		{83808718-DCDE-4081-9E3B-986532EE59AE} = {9461EE4C-58DE-49DC-B363-46C0705BEF74}
		{9C58268F-AA27-40EA-9A40-EF89D7DF88BF} = {9461EE4C-58DE-49DC-B363-46C0705BEF74}
		{5EB0BCB6-3DDD-4285-B910-7554B05CA4ED} = {036B2D67-D093-4477-ABC6-4902676A79B2}
		{63851A28-457A-48C5-BF3D-21AD4AE046A6} = {036B2D67-D093-4477-ABC6-4902676A79B2}
		{A5624EE1-2178-4302-BE28-7E3351A1C3D0} = {036B2D67-D093-4477-ABC6-4902676A79B2}
		{8F981F84-FD53-4F63-B5A5-E4D6EEE9CC23} = {036B2D67-D093-4477-ABC6-4902676A79B2}
		{3AA02B9E-3034-4523-BB6A-F75DF9FB8146} = {9461EE4C-58DE-49DC-B363-46C0705BEF74}
		{37078252-9B4E-4CC4-8980-062A00253E8E} = {036B2D67-D093-4477-ABC6-4902676A79B2}
		{CCD6787B-CBEA-4307-B46F-F332B39A626E} = {9461EE4C-58DE-49DC-B363-46C0705BEF74}
		{011FDD4B-AB92-4966-AF53-28CF19923D79} = {036B2D67-D093-4477-ABC6-4902676A79B2}
		{A1D3AC38-C24E-41A8-BF79-A3ADA0D5365A} = {036B2D67-D093-4477-ABC6-4902676A79B2}
	EndGlobalSection
	GlobalSection(ExtensibilityGlobals) = postSolution
		SolutionGuid = {0F0E1F57-3A1C-4C16-B4BF-D14EDF23570B}
	EndGlobalSection
EndGlobal
